
Microsoft Visual Studio Solution File, Format Version 12.00
# Visual Studio Version 17
VisualStudioVersion = 17.2.32616.157
MinimumVisualStudioVersion = 10.0.40219.1
Project("{FAE04EC0-301F-11D3-BF4B-00C04F79EFBC}") = "aritmetica con funciones", "funciones\aritmetica con funciones.csproj", "{A6D69A64-A070-4C7E-ABCB-58965D363219}"
EndProject
Project("{FAE04EC0-301F-11D3-BF4B-00C04F79EFBC}") = "numero negativo", "ConsoleApp1\numero negativo.csproj", "{B5BB3237-8CB0-4DB5-9287-2814A3B591DC}"
EndProject
Project("{FAE04EC0-301F-11D3-BF4B-00C04F79EFBC}") = "ecuaciones", "ConsoleApp2\ecuaciones.csproj", "{4087B9E3-8D8A-4DE0-8106-96942EA26C09}"
EndProject
Project("{FAE04EC0-301F-11D3-BF4B-00C04F79EFBC}") = "igual o no a 0", "ConsoleApp3\igual o no a 0.csproj", "{CE3FB1B1-7AD9-4C29-9C8D-9C2503B57D2A}"
EndProject
Project("{FAE04EC0-301F-11D3-BF4B-00C04F79EFBC}") = "suma de lista de numeros", "ConsoleApp4\suma de lista de numeros.csproj", "{BD83A58F-258D-4977-962E-3B4BABDA15D1}"
EndProject
Global
	GlobalSection(SolutionConfigurationPlatforms) = preSolution
		Debug|Any CPU = Debug|Any CPU
		Release|Any CPU = Release|Any CPU
	EndGlobalSection
	GlobalSection(ProjectConfigurationPlatforms) = postSolution
		{A6D69A64-A070-4C7E-ABCB-58965D363219}.Debug|Any CPU.ActiveCfg = Debug|Any CPU
		{A6D69A64-A070-4C7E-ABCB-58965D363219}.Debug|Any CPU.Build.0 = Debug|Any CPU
		{A6D69A64-A070-4C7E-ABCB-58965D363219}.Release|Any CPU.ActiveCfg = Release|Any CPU
		{A6D69A64-A070-4C7E-ABCB-58965D363219}.Release|Any CPU.Build.0 = Release|Any CPU
		{B5BB3237-8CB0-4DB5-9287-2814A3B591DC}.Debug|Any CPU.ActiveCfg = Debug|Any CPU
		{B5BB3237-8CB0-4DB5-9287-2814A3B591DC}.Debug|Any CPU.Build.0 = Debug|Any CPU
		{B5BB3237-8CB0-4DB5-9287-2814A3B591DC}.Release|Any CPU.ActiveCfg = Release|Any CPU
		{B5BB3237-8CB0-4DB5-9287-2814A3B591DC}.Release|Any CPU.Build.0 = Release|Any CPU
		{4087B9E3-8D8A-4DE0-8106-96942EA26C09}.Debug|Any CPU.ActiveCfg = Debug|Any CPU
		{4087B9E3-8D8A-4DE0-8106-96942EA26C09}.Debug|Any CPU.Build.0 = Debug|Any CPU
		{4087B9E3-8D8A-4DE0-8106-96942EA26C09}.Release|Any CPU.ActiveCfg = Release|Any CPU
		{4087B9E3-8D8A-4DE0-8106-96942EA26C09}.Release|Any CPU.Build.0 = Release|Any CPU
		{CE3FB1B1-7AD9-4C29-9C8D-9C2503B57D2A}.Debug|Any CPU.ActiveCfg = Debug|Any CPU
		{CE3FB1B1-7AD9-4C29-9C8D-9C2503B57D2A}.Debug|Any CPU.Build.0 = Debug|Any CPU
		{CE3FB1B1-7AD9-4C29-9C8D-9C2503B57D2A}.Release|Any CPU.ActiveCfg = Release|Any CPU
		{CE3FB1B1-7AD9-4C29-9C8D-9C2503B57D2A}.Release|Any CPU.Build.0 = Release|Any CPU
		{BD83A58F-258D-4977-962E-3B4BABDA15D1}.Debug|Any CPU.ActiveCfg = Debug|Any CPU
		{BD83A58F-258D-4977-962E-3B4BABDA15D1}.Debug|Any CPU.Build.0 = Debug|Any CPU
		{BD83A58F-258D-4977-962E-3B4BABDA15D1}.Release|Any CPU.ActiveCfg = Release|Any CPU
		{BD83A58F-258D-4977-962E-3B4BABDA15D1}.Release|Any CPU.Build.0 = Release|Any CPU
	EndGlobalSection
	GlobalSection(SolutionProperties) = preSolution
		HideSolutionNode = FALSE
	EndGlobalSection
	GlobalSection(ExtensibilityGlobals) = postSolution
		SolutionGuid = {1415325C-FD39-4209-8EB3-AFEC30EEA17F}
	EndGlobalSection
EndGlobal
